
Microsoft Visual Studio Solution File, Format Version 12.00
# Visual Studio Version 16
VisualStudioVersion = 16.0.29020.237
MinimumVisualStudioVersion = 10.0.40219.1
Project("{FAE04EC0-301F-11D3-BF4B-00C04F79EFBC}") = "HertZ_ExcelAddIn", "HertZ_ExcelAddIn.csproj", "{75EF2233-9DFE-4DD5-AB56-6F1830A17B8D}"
EndProject
Global
	GlobalSection(SolutionConfigurationPlatforms) = preSolution
		Debug|Any CPU = Debug|Any CPU
		Release|Any CPU = Release|Any CPU
	EndGlobalSection
	GlobalSection(ProjectConfigurationPlatforms) = postSolution
		{75EF2233-9DFE-4DD5-AB56-6F1830A17B8D}.Debug|Any CPU.ActiveCfg = Debug|Any CPU
		{75EF2233-9DFE-4DD5-AB56-6F1830A17B8D}.Debug|Any CPU.Build.0 = Debug|Any CPU
		{75EF2233-9DFE-4DD5-AB56-6F1830A17B8D}.Release|Any CPU.ActiveCfg = Release|Any CPU
	EndGlobalSection
	GlobalSection(SolutionProperties) = preSolution
		HideSolutionNode = FALSE
	EndGlobalSection
	GlobalSection(ExtensibilityGlobals) = postSolution
		SolutionGuid = {6F4D5769-36DD-45E1-9AFE-2EA30B6B436A}
	EndGlobalSection
EndGlobal
